
Microsoft Visual Studio Solution File, Format Version 12.00
# Visual Studio Version 17
VisualStudioVersion = 17.4.33403.182
MinimumVisualStudioVersion = 10.0.40219.1
Project("{FAE04EC0-301F-11D3-BF4B-00C04F79EFBC}") = "Exercise1", "Exercise1\Exercise1.csproj", "{4EEA21E7-29C3-4A79-B143-575F242F9B98}"
EndProject
Global
	GlobalSection(SolutionConfigurationPlatforms) = preSolution
		Debug|Any CPU = Debug|Any CPU
		Release|Any CPU = Release|Any CPU
	EndGlobalSection
	GlobalSection(ProjectConfigurationPlatforms) = postSolution
		{4EEA21E7-29C3-4A79-B143-575F242F9B98}.Debug|Any CPU.ActiveCfg = Debug|Any CPU
		{4EEA21E7-29C3-4A79-B143-575F242F9B98}.Debug|Any CPU.Build.0 = Debug|Any CPU
		{4EEA21E7-29C3-4A79-B143-575F242F9B98}.Release|Any CPU.ActiveCfg = Release|Any CPU
		{4EEA21E7-29C3-4A79-B143-575F242F9B98}.Release|Any CPU.Build.0 = Release|Any CPU
	EndGlobalSection
	GlobalSection(SolutionProperties) = preSolution
		HideSolutionNode = FALSE
	EndGlobalSection
	GlobalSection(ExtensibilityGlobals) = postSolution
		SolutionGuid = {35BBF1A1-4169-40F9-B0B9-2C78E61705C8}
	EndGlobalSection
EndGlobal
